
Microsoft Visual Studio Solution File, Format Version 12.00
# Visual Studio Version 17
VisualStudioVersion = 17.10.34804.81
MinimumVisualStudioVersion = 10.0.40219.1
Project("{888888A0-9F3D-457C-B088-3A5042F75D52}") = "Windows 2", "Windows 2.pyproj", "{3BCE165F-A5D0-47F7-81D0-2167875F1F81}"
EndProject
Global
	GlobalSection(SolutionConfigurationPlatforms) = preSolution
		Debug|Any CPU = Debug|Any CPU
		Release|Any CPU = Release|Any CPU
	EndGlobalSection
	GlobalSection(ProjectConfigurationPlatforms) = postSolution
		{3BCE165F-A5D0-47F7-81D0-2167875F1F81}.Debug|Any CPU.ActiveCfg = Debug|Any CPU
		{3BCE165F-A5D0-47F7-81D0-2167875F1F81}.Release|Any CPU.ActiveCfg = Release|Any CPU
	EndGlobalSection
	GlobalSection(SolutionProperties) = preSolution
		HideSolutionNode = FALSE
	EndGlobalSection
	GlobalSection(ExtensibilityGlobals) = postSolution
		SolutionGuid = {6379AAE6-86F5-4A4D-A372-774718AC79B9}
	EndGlobalSection
EndGlobal
